
Microsoft Visual Studio Solution File, Format Version 12.00
# Visual Studio Version 17
VisualStudioVersion = 17.4.33205.214
MinimumVisualStudioVersion = 10.0.40219.1
Project("{FAE04EC0-301F-11D3-BF4B-00C04F79EFBC}") = "Test1", "Test1\Test1.csproj", "{DA2D4030-FF31-4720-9688-3031DFCD95FA}"
EndProject
Global
	GlobalSection(SolutionConfigurationPlatforms) = preSolution
		Debug|Any CPU = Debug|Any CPU
		Release|Any CPU = Release|Any CPU
	EndGlobalSection
	GlobalSection(ProjectConfigurationPlatforms) = postSolution
		{DA2D4030-FF31-4720-9688-3031DFCD95FA}.Debug|Any CPU.ActiveCfg = Debug|Any CPU
		{DA2D4030-FF31-4720-9688-3031DFCD95FA}.Debug|Any CPU.Build.0 = Debug|Any CPU
		{DA2D4030-FF31-4720-9688-3031DFCD95FA}.Release|Any CPU.ActiveCfg = Release|Any CPU
		{DA2D4030-FF31-4720-9688-3031DFCD95FA}.Release|Any CPU.Build.0 = Release|Any CPU
	EndGlobalSection
	GlobalSection(SolutionProperties) = preSolution
		HideSolutionNode = FALSE
	EndGlobalSection
	GlobalSection(ExtensibilityGlobals) = postSolution
		SolutionGuid = {9E504760-5CAA-442D-ADDE-2E7B31744D94}
	EndGlobalSection
EndGlobal
